
Microsoft Visual Studio Solution File, Format Version 12.00
# Visual Studio Version 17
VisualStudioVersion = 17.9.34728.123
MinimumVisualStudioVersion = 10.0.40219.1
Project("{9A19103F-16F7-4668-BE54-9A1E7A4F7556}") = "AppContas", "AppContas\AppContas.csproj", "{1BCF2840-E1F6-46D7-B939-AC45D86271DF}"
EndProject
Global
	GlobalSection(SolutionConfigurationPlatforms) = preSolution
		Debug|Any CPU = Debug|Any CPU
		Release|Any CPU = Release|Any CPU
	EndGlobalSection
	GlobalSection(ProjectConfigurationPlatforms) = postSolution
		{1BCF2840-E1F6-46D7-B939-AC45D86271DF}.Debug|Any CPU.ActiveCfg = Debug|Any CPU
		{1BCF2840-E1F6-46D7-B939-AC45D86271DF}.Debug|Any CPU.Build.0 = Debug|Any CPU
		{1BCF2840-E1F6-46D7-B939-AC45D86271DF}.Release|Any CPU.ActiveCfg = Release|Any CPU
		{1BCF2840-E1F6-46D7-B939-AC45D86271DF}.Release|Any CPU.Build.0 = Release|Any CPU
	EndGlobalSection
	GlobalSection(SolutionProperties) = preSolution
		HideSolutionNode = FALSE
	EndGlobalSection
	GlobalSection(ExtensibilityGlobals) = postSolution
		SolutionGuid = {5A1EC5C2-E212-4FEA-897C-944BA1CD7A0A}
	EndGlobalSection
EndGlobal
